
Microsoft Visual Studio Solution File, Format Version 12.00
# Visual Studio Version 17
VisualStudioVersion = 17.4.33403.182
MinimumVisualStudioVersion = 10.0.40219.1
Project("{9A19103F-16F7-4668-BE54-9A1E7A4F7556}") = "lab2", "lb1\lab2.csproj", "{FE475449-372F-4C32-8B70-8BA737D2AE11}"
EndProject
Project("{FAE04EC0-301F-11D3-BF4B-00C04F79EFBC}") = "Model", "ClassLibrary1\Model.csproj", "{2ED05623-7A4C-4031-89FE-08BA6E6B440A}"
EndProject
Global
	GlobalSection(SolutionConfigurationPlatforms) = preSolution
		Debug|Any CPU = Debug|Any CPU
		Release|Any CPU = Release|Any CPU
	EndGlobalSection
	GlobalSection(ProjectConfigurationPlatforms) = postSolution
		{FE475449-372F-4C32-8B70-8BA737D2AE11}.Debug|Any CPU.ActiveCfg = Debug|Any CPU
		{FE475449-372F-4C32-8B70-8BA737D2AE11}.Debug|Any CPU.Build.0 = Debug|Any CPU
		{FE475449-372F-4C32-8B70-8BA737D2AE11}.Release|Any CPU.ActiveCfg = Release|Any CPU
		{FE475449-372F-4C32-8B70-8BA737D2AE11}.Release|Any CPU.Build.0 = Release|Any CPU
		{2ED05623-7A4C-4031-89FE-08BA6E6B440A}.Debug|Any CPU.ActiveCfg = Debug|Any CPU
		{2ED05623-7A4C-4031-89FE-08BA6E6B440A}.Debug|Any CPU.Build.0 = Debug|Any CPU
		{2ED05623-7A4C-4031-89FE-08BA6E6B440A}.Release|Any CPU.ActiveCfg = Release|Any CPU
		{2ED05623-7A4C-4031-89FE-08BA6E6B440A}.Release|Any CPU.Build.0 = Release|Any CPU
	EndGlobalSection
	GlobalSection(SolutionProperties) = preSolution
		HideSolutionNode = FALSE
	EndGlobalSection
	GlobalSection(ExtensibilityGlobals) = postSolution
		SolutionGuid = {A66851EE-8C11-4EAC-8F13-F5195539FFE7}
	EndGlobalSection
EndGlobal
